// !$*UTF8*$!
{
	archiveVersion = 1;
	classes = {
	};
	objectVersion = 46;
	objects = {

/* Begin PBXBuildFile section */
		399FD1CADA97417A8C1F9A92 /* libPods.a in Frameworks */ = {isa = PBXBuildFile; fileRef = 67A80E1A5F63479BA777AAAF /* libPods.a */; };
		7FFA6D6A19CE2E21006030EB /* main.m in Sources */ = {isa = PBXBuildFile; fileRef = 7FFA6D6919CE2E21006030EB /* main.m */; };
		7FFA6D6D19CE2E21006030EB /* AppDelegate.m in Sources */ = {isa = PBXBuildFile; fileRef = 7FFA6D6C19CE2E21006030EB /* AppDelegate.m */; };
		7FFA6D7019CE2E21006030EB /* ViewController.m in Sources */ = {isa = PBXBuildFile; fileRef = 7FFA6D6F19CE2E21006030EB /* ViewController.m */; };
		7FFA6D7319CE2E22006030EB /* Main.storyboard in Resources */ = {isa = PBXBuildFile; fileRef = 7FFA6D7119CE2E22006030EB /* Main.storyboard */; };
		7FFA6D7519CE2E22006030EB /* Images.xcassets in Resources */ = {isa = PBXBuildFile; fileRef = 7FFA6D7419CE2E22006030EB /* Images.xcassets */; };
		7FFA6D7819CE2E22006030EB /* LaunchScreen.xib in Resources */ = {isa = PBXBuildFile; fileRef = 7FFA6D7619CE2E22006030EB /* LaunchScreen.xib */; };
		7FFA6D8419CE2E22006030EB /* Party_HuntTests.m in Sources */ = {isa = PBXBuildFile; fileRef = 7FFA6D8319CE2E22006030EB /* Party_HuntTests.m */; };
		7FFA6D9119CE59FB006030EB /* HomeViewController.m in Sources */ = {isa = PBXBuildFile; fileRef = 7FFA6D9019CE59FB006030EB /* HomeViewController.m */; };
/* End PBXBuildFile section */

/* Begin PBXContainerItemProxy section */
		7FFA6D7E19CE2E22006030EB /* PBXContainerItemProxy */ = {
			isa = PBXContainerItemProxy;
			containerPortal = 7FFA6D5C19CE2E21006030EB /* Project object */;
			proxyType = 1;
			remoteGlobalIDString = 7FFA6D6319CE2E21006030EB;
			remoteInfo = "Party Hunt";
		};
/* End PBXContainerItemProxy section */

/* Begin PBXFileReference section */
		67A80E1A5F63479BA777AAAF /* libPods.a */ = {isa = PBXFileReference; explicitFileType = archive.ar; includeInIndex = 0; path = libPods.a; sourceTree = BUILT_PRODUCTS_DIR; };
		7FFA6D6419CE2E21006030EB /* Party Hunt.app */ = {isa = PBXFileReference; explicitFileType = wrapper.application; includeInIndex = 0; path = "Party Hunt.app"; sourceTree = BUILT_PRODUCTS_DIR; };
		7FFA6D6819CE2E21006030EB /* Info.plist */ = {isa = PBXFileReference; lastKnownFileType = text.plist.xml; path = Info.plist; sourceTree = "<group>"; };
		7FFA6D6919CE2E21006030EB /* main.m */ = {isa = PBXFileReference; lastKnownFileType = sourcecode.c.objc; path = main.m; sourceTree = "<group>"; };
		7FFA6D6B19CE2E21006030EB /* AppDelegate.h */ = {isa = PBXFileReference; lastKnownFileType = sourcecode.c.h; path = AppDelegate.h; sourceTree = "<group>"; };
		7FFA6D6C19CE2E21006030EB /* AppDelegate.m */ = {isa = PBXFileReference; lastKnownFileType = sourcecode.c.objc; path = AppDelegate.m; sourceTree = "<group>"; };
		7FFA6D6E19CE2E21006030EB /* ViewController.h */ = {isa = PBXFileReference; lastKnownFileType = sourcecode.c.h; path = ViewController.h; sourceTree = "<group>"; };
		7FFA6D6F19CE2E21006030EB /* ViewController.m */ = {isa = PBXFileReference; lastKnownFileType = sourcecode.c.objc; path = ViewController.m; sourceTree = "<group>"; };
		7FFA6D7219CE2E22006030EB /* Base */ = {isa = PBXFileReference; lastKnownFileType = file.storyboard; name = Base; path = Base.lproj/Main.storyboard; sourceTree = "<group>"; };
		7FFA6D7419CE2E22006030EB /* Images.xcassets */ = {isa = PBXFileReference; lastKnownFileType = folder.assetcatalog; path = Images.xcassets; sourceTree = "<group>"; };
		7FFA6D7719CE2E22006030EB /* Base */ = {isa = PBXFileReference; lastKnownFileType = file.xib; name = Base; path = Base.lproj/LaunchScreen.xib; sourceTree = "<group>"; };
		7FFA6D7D19CE2E22006030EB /* Party HuntTests.xctest */ = {isa = PBXFileReference; explicitFileType = wrapper.cfbundle; includeInIndex = 0; path = "Party HuntTests.xctest"; sourceTree = BUILT_PRODUCTS_DIR; };
		7FFA6D8219CE2E22006030EB /* Info.plist */ = {isa = PBXFileReference; lastKnownFileType = text.plist.xml; path = Info.plist; sourceTree = "<group>"; };
		7FFA6D8319CE2E22006030EB /* Party_HuntTests.m */ = {isa = PBXFileReference; lastKnownFileType = sourcecode.c.objc; path = Party_HuntTests.m; sourceTree = "<group>"; };
		7FFA6D8F19CE59FB006030EB /* HomeViewController.h */ = {isa = PBXFileReference; fileEncoding = 4; lastKnownFileType = sourcecode.c.h; path = HomeViewController.h; sourceTree = "<group>"; };
		7FFA6D9019CE59FB006030EB /* HomeViewController.m */ = {isa = PBXFileReference; fileEncoding = 4; lastKnownFileType = sourcecode.c.objc; path = HomeViewController.m; sourceTree = "<group>"; };
		8C5850346D1342F2814EE49F /* Pods.xcconfig */ = {isa = PBXFileReference; includeInIndex = 1; lastKnownFileType = text.xcconfig; name = Pods.xcconfig; path = Pods/Pods.xcconfig; sourceTree = "<group>"; };
/* End PBXFileReference section */

/* Begin PBXFrameworksBuildPhase section */
		7FFA6D6119CE2E21006030EB /* Frameworks */ = {
			isa = PBXFrameworksBuildPhase;
			buildActionMask = 2147483647;
			files = (
				399FD1CADA97417A8C1F9A92 /* libPods.a in Frameworks */,
			);
			runOnlyForDeploymentPostprocessing = 0;
		};
		7FFA6D7A19CE2E22006030EB /* Frameworks */ = {
			isa = PBXFrameworksBuildPhase;
			buildActionMask = 2147483647;
			files = (
			);
			runOnlyForDeploymentPostprocessing = 0;
		};
/* End PBXFrameworksBuildPhase section */

/* Begin PBXGroup section */
		7FFA6D5B19CE2E21006030EB = {
			isa = PBXGroup;
			children = (
				7FFA6D6619CE2E21006030EB /* Party Hunt */,
				7FFA6D8019CE2E22006030EB /* Party HuntTests */,
				7FFA6D6519CE2E21006030EB /* Products */,
				8C5850346D1342F2814EE49F /* Pods.xcconfig */,
				AA3262C1AB2B47B4954DF4A8 /* Frameworks */,
			);
			sourceTree = "<group>";
		};
		7FFA6D6519CE2E21006030EB /* Products */ = {
			isa = PBXGroup;
			children = (
				7FFA6D6419CE2E21006030EB /* Party Hunt.app */,
				7FFA6D7D19CE2E22006030EB /* Party HuntTests.xctest */,
			);
			name = Products;
			sourceTree = "<group>";
		};
		7FFA6D6619CE2E21006030EB /* Party Hunt */ = {
			isa = PBXGroup;
			children = (
				7FFA6D6B19CE2E21006030EB /* AppDelegate.h */,
				7FFA6D6C19CE2E21006030EB /* AppDelegate.m */,
				7FFA6D6E19CE2E21006030EB /* ViewController.h */,
				7FFA6D6F19CE2E21006030EB /* ViewController.m */,
				7FFA6D7119CE2E22006030EB /* Main.storyboard */,
				7FFA6D8F19CE59FB006030EB /* HomeViewController.h */,
				7FFA6D9019CE59FB006030EB /* HomeViewController.m */,
				7FFA6D7419CE2E22006030EB /* Images.xcassets */,
				7FFA6D7619CE2E22006030EB /* LaunchScreen.xib */,
				7FFA6D6719CE2E21006030EB /* Supporting Files */,
			);
			path = "Party Hunt";
			sourceTree = "<group>";
		};
		7FFA6D6719CE2E21006030EB /* Supporting Files */ = {
			isa = PBXGroup;
			children = (
				7FFA6D6819CE2E21006030EB /* Info.plist */,
				7FFA6D6919CE2E21006030EB /* main.m */,
			);
			name = "Supporting Files";
			sourceTree = "<group>";
		};
		7FFA6D8019CE2E22006030EB /* Party HuntTests */ = {
			isa = PBXGroup;
			children = (
				7FFA6D8319CE2E22006030EB /* Party_HuntTests.m */,
				7FFA6D8119CE2E22006030EB /* Supporting Files */,
			);
			path = "Party HuntTests";
			sourceTree = "<group>";
		};
		7FFA6D8119CE2E22006030EB /* Supporting Files */ = {
			isa = PBXGroup;
			children = (
				7FFA6D8219CE2E22006030EB /* Info.plist */,
			);
			name = "Supporting Files";
			sourceTree = "<group>";
		};
		AA3262C1AB2B47B4954DF4A8 /* Frameworks */ = {
			isa = PBXGroup;
			children = (
				67A80E1A5F63479BA777AAAF /* libPods.a */,
			);
			name = Frameworks;
			sourceTree = "<group>";
		};
/* End PBXGroup section */

/* Begin PBXNativeTarget section */
		7FFA6D6319CE2E21006030EB /* Party Hunt */ = {
			isa = PBXNativeTarget;
			buildConfigurationList = 7FFA6D8719CE2E22006030EB /* Build configuration list for PBXNativeTarget "Party Hunt" */;
			buildPhases = (
				5E7285EB8A3F476D9041733A /* Check Pods Manifest.lock */,
				7FFA6D6019CE2E21006030EB /* Sources */,
				7FFA6D6119CE2E21006030EB /* Frameworks */,
				7FFA6D6219CE2E21006030EB /* Resources */,
				62400B4F27E24F8897C9908E /* Copy Pods Resources */,
			);
			buildRules = (
			);
			dependencies = (
			);
			name = "Party Hunt";
			productName = "Party Hunt";
			productReference = 7FFA6D6419CE2E21006030EB /* Party Hunt.app */;
			productType = "com.apple.product-type.application";
		};
		7FFA6D7C19CE2E22006030EB /* Party HuntTests */ = {
			isa = PBXNativeTarget;
			buildConfigurationList = 7FFA6D8A19CE2E22006030EB /* Build configuration list for PBXNativeTarget "Party HuntTests" */;
			buildPhases = (
				7FFA6D7919CE2E22006030EB /* Sources */,
				7FFA6D7A19CE2E22006030EB /* Frameworks */,
				7FFA6D7B19CE2E22006030EB /* Resources */,
			);
			buildRules = (
			);
			dependencies = (
				7FFA6D7F19CE2E22006030EB /* PBXTargetDependency */,
			);
			name = "Party HuntTests";
			productName = "Party HuntTests";
			productReference = 7FFA6D7D19CE2E22006030EB /* Party HuntTests.xctest */;
			productType = "com.apple.product-type.bundle.unit-test";
		};
/* End PBXNativeTarget section */

/* Begin PBXProject section */
		7FFA6D5C19CE2E21006030EB /* Project object */ = {
			isa = PBXProject;
			attributes = {
				LastUpgradeCheck = 0600;
				ORGANIZATIONNAME = "Jared Colin McFarland";
				TargetAttributes = {
					7FFA6D6319CE2E21006030EB = {
						CreatedOnToolsVersion = 6.0.1;
					};
					7FFA6D7C19CE2E22006030EB = {
						CreatedOnToolsVersion = 6.0.1;
						TestTargetID = 7FFA6D6319CE2E21006030EB;
					};
				};
			};
			buildConfigurationList = 7FFA6D5F19CE2E21006030EB /* Build configuration list for PBXProject "Party Hunt" */;
			compatibilityVersion = "Xcode 3.2";
			developmentRegion = English;
			hasScannedForEncodings = 0;
			knownRegions = (
				en,
				Base,
			);
			mainGroup = 7FFA6D5B19CE2E21006030EB;
			productRefGroup = 7FFA6D6519CE2E21006030EB /* Products */;
			projectDirPath = "";
			projectRoot = "";
			targets = (
				7FFA6D6319CE2E21006030EB /* Party Hunt */,
				7FFA6D7C19CE2E22006030EB /* Party HuntTests */,
			);
		};
/* End PBXProject section */

/* Begin PBXResourcesBuildPhase section */
		7FFA6D6219CE2E21006030EB /* Resources */ = {
			isa = PBXResourcesBuildPhase;
			buildActionMask = 2147483647;
			files = (
				7FFA6D7319CE2E22006030EB /* Main.storyboard in Resources */,
				7FFA6D7819CE2E22006030EB /* LaunchScreen.xib in Resources */,
				7FFA6D7519CE2E22006030EB /* Images.xcassets in Resources */,
			);
			runOnlyForDeploymentPostprocessing = 0;
		};
		7FFA6D7B19CE2E22006030EB /* Resources */ = {
			isa = PBXResourcesBuildPhase;
			buildActionMask = 2147483647;
			files = (
			);
			runOnlyForDeploymentPostprocessing = 0;
		};
/* End PBXResourcesBuildPhase section */

/* Begin PBXShellScriptBuildPhase section */
		5E7285EB8A3F476D9041733A /* Check Pods Manifest.lock */ = {
			isa = PBXShellScriptBuildPhase;
			buildActionMask = 2147483647;
			files = (
			);
			inputPaths = (
			);
			name = "Check Pods Manifest.lock";
			outputPaths = (
			);
			runOnlyForDeploymentPostprocessing = 0;
			shellPath = /bin/sh;
			shellScript = "diff \"${PODS_ROOT}/../Podfile.lock\" \"${PODS_ROOT}/Manifest.lock\" > /dev/null\nif [[ $? != 0 ]] ; then\n    cat << EOM\nerror: The sandbox is not in sync with the Podfile.lock. Run 'pod install' or update your CocoaPods installation.\nEOM\n    exit 1\nfi\n";
			showEnvVarsInLog = 0;
		};
		62400B4F27E24F8897C9908E /* Copy Pods Resources */ = {
			isa = PBXShellScriptBuildPhase;
			buildActionMask = 2147483647;
			files = (
			);
			inputPaths = (
			);
			name = "Copy Pods Resources";
			outputPaths = (
			);
			runOnlyForDeploymentPostprocessing = 0;
			shellPath = /bin/sh;
			shellScript = "\"${SRCROOT}/Pods/Pods-resources.sh\"\n";
			showEnvVarsInLog = 0;
		};
/* End PBXShellScriptBuildPhase section */

/* Begin PBXSourcesBuildPhase section */
		7FFA6D6019CE2E21006030EB /* Sources */ = {
			isa = PBXSourcesBuildPhase;
			buildActionMask = 2147483647;
			files = (
				7FFA6D7019CE2E21006030EB /* ViewController.m in Sources */,
				7FFA6D6D19CE2E21006030EB /* AppDelegate.m in Sources */,
				7FFA6D6A19CE2E21006030EB /* main.m in Sources */,
				7FFA6D9119CE59FB006030EB /* HomeViewController.m in Sources */,
			);
			runOnlyForDeploymentPostprocessing = 0;
		};
		7FFA6D7919CE2E22006030EB /* Sources */ = {
			isa = PBXSourcesBuildPhase;
			buildActionMask = 2147483647;
			files = (
				7FFA6D8419CE2E22006030EB /* Party_HuntTests.m in Sources */,
			);
			runOnlyForDeploymentPostprocessing = 0;
		};
/* End PBXSourcesBuildPhase section */

/* Begin PBXTargetDependency section */
		7FFA6D7F19CE2E22006030EB /* PBXTargetDependency */ = {
			isa = PBXTargetDependency;
			target = 7FFA6D6319CE2E21006030EB /* Party Hunt */;
			targetProxy = 7FFA6D7E19CE2E22006030EB /* PBXContainerItemProxy */;
		};
/* End PBXTargetDependency section */

/* Begin PBXVariantGroup section */
		7FFA6D7119CE2E22006030EB /* Main.storyboard */ = {
			isa = PBXVariantGroup;
			children = (
				7FFA6D7219CE2E22006030EB /* Base */,
			);
			name = Main.storyboard;
			sourceTree = "<group>";
		};
		7FFA6D7619CE2E22006030EB /* LaunchScreen.xib */ = {
			isa = PBXVariantGroup;
			children = (
				7FFA6D7719CE2E22006030EB /* Base */,
			);
			name = LaunchScreen.xib;
			sourceTree = "<group>";
		};
/* End PBXVariantGroup section */

/* Begin XCBuildConfiguration section */
		7FFA6D8519CE2E22006030EB /* Debug */ = {
			isa = XCBuildConfiguration;
			buildSettings = {
				ALWAYS_SEARCH_USER_PATHS = NO;
				CLANG_CXX_LANGUAGE_STANDARD = "gnu++0x";
				CLANG_CXX_LIBRARY = "libc++";
				CLANG_ENABLE_MODULES = YES;
				CLANG_ENABLE_OBJC_ARC = YES;
				CLANG_WARN_BOOL_CONVERSION = YES;
				CLANG_WARN_CONSTANT_CONVERSION = YES;
				CLANG_WARN_DIRECT_OBJC_ISA_USAGE = YES_ERROR;
				CLANG_WARN_EMPTY_BODY = YES;
				CLANG_WARN_ENUM_CONVERSION = YES;
				CLANG_WARN_INT_CONVERSION = YES;
				CLANG_WARN_OBJC_ROOT_CLASS = YES_ERROR;
				CLANG_WARN_UNREACHABLE_CODE = YES;
				CLANG_WARN__DUPLICATE_METHOD_MATCH = YES;
				"CODE_SIGN_IDENTITY[sdk=iphoneos*]" = "iPhone Developer";
				COPY_PHASE_STRIP = NO;
				ENABLE_STRICT_OBJC_MSGSEND = YES;
				GCC_C_LANGUAGE_STANDARD = gnu99;
				GCC_DYNAMIC_NO_PIC = NO;
				GCC_OPTIMIZATION_LEVEL = 0;
				GCC_PREPROCESSOR_DEFINITIONS = (
					"DEBUG=1",
					"$(inherited)",
				);
				GCC_SYMBOLS_PRIVATE_EXTERN = NO;
				GCC_WARN_64_TO_32_BIT_CONVERSION = YES;
				GCC_WARN_ABOUT_RETURN_TYPE = YES_ERROR;
				GCC_WARN_UNDECLARED_SELECTOR = YES;
				GCC_WARN_UNINITIALIZED_AUTOS = YES_AGGRESSIVE;
				GCC_WARN_UNUSED_FUNCTION = YES;
				GCC_WARN_UNUSED_VARIABLE = YES;
				IPHONEOS_DEPLOYMENT_TARGET = 8.0;
				MTL_ENABLE_DEBUG_INFO = YES;
				ONLY_ACTIVE_ARCH = YES;
				SDKROOT = iphoneos;
			};
			name = Debug;
		};
		7FFA6D8619CE2E22006030EB /* Release */ = {
			isa = XCBuildConfiguration;
			buildSettings = {
				ALWAYS_SEARCH_USER_PATHS = NO;
				CLANG_CXX_LANGUAGE_STANDARD = "gnu++0x";
				CLANG_CXX_LIBRARY = "libc++";
				CLANG_ENABLE_MODULES = YES;
				CLANG_ENABLE_OBJC_ARC = YES;
				CLANG_WARN_BOOL_CONVERSION = YES;
				CLANG_WARN_CONSTANT_CONVERSION = YES;
				CLANG_WARN_DIRECT_OBJC_ISA_USAGE = YES_ERROR;
				CLANG_WARN_EMPTY_BODY = YES;
				CLANG_WARN_ENUM_CONVERSION = YES;
				CLANG_WARN_INT_CONVERSION = YES;
				CLANG_WARN_OBJC_ROOT_CLASS = YES_ERROR;
				CLANG_WARN_UNREACHABLE_CODE = YES;
				CLANG_WARN__DUPLICATE_METHOD_MATCH = YES;
				"CODE_SIGN_IDENTITY[sdk=iphoneos*]" = "iPhone Developer";
				COPY_PHASE_STRIP = YES;
				ENABLE_NS_ASSERTIONS = NO;
				ENABLE_STRICT_OBJC_MSGSEND = YES;
				GCC_C_LANGUAGE_STANDARD = gnu99;
				GCC_WARN_64_TO_32_BIT_CONVERSION = YES;
				GCC_WARN_ABOUT_RETURN_TYPE = YES_ERROR;
				GCC_WARN_UNDECLARED_SELECTOR = YES;
				GCC_WARN_UNINITIALIZED_AUTOS = YES_AGGRESSIVE;
				GCC_WARN_UNUSED_FUNCTION = YES;
				GCC_WARN_UNUSED_VARIABLE = YES;
				IPHONEOS_DEPLOYMENT_TARGET = 8.0;
				MTL_ENABLE_DEBUG_INFO = NO;
				SDKROOT = iphoneos;
				VALIDATE_PRODUCT = YES;
			};
			name = Release;
		};
		7FFA6D8819CE2E22006030EB /* Debug */ = {
			isa = XCBuildConfiguration;
			baseConfigurationReference = 8C5850346D1342F2814EE49F /* Pods.xcconfig */;
			buildSettings = {
				ASSETCATALOG_COMPILER_APPICON_NAME = AppIcon;
				FRAMEWORK_SEARCH_PATHS = (
					"$(inherited)",
					/Users/Jared/Documents/FacebookSDK,
				);
				INFOPLIST_FILE = "Party Hunt/Info.plist";
				LD_RUNPATH_SEARCH_PATHS = "$(inherited) @executable_path/Frameworks";
				PRODUCT_NAME = "$(TARGET_NAME)";
			};
			name = Debug;
		};
		7FFA6D8919CE2E22006030EB /* Release */ = {
			isa = XCBuildConfiguration;
			baseConfigurationReference = 8C5850346D1342F2814EE49F /* Pods.xcconfig */;
			buildSettings = {
				ASSETCATALOG_COMPILER_APPICON_NAME = AppIcon;
				FRAMEWORK_SEARCH_PATHS = (
					"$(inherited)",
					/Users/Jared/Documents/FacebookSDK,
				);
				INFOPLIST_FILE = "Party Hunt/Info.plist";
				LD_RUNPATH_SEARCH_PATHS = "$(inherited) @executable_path/Frameworks";
				PRODUCT_NAME = "$(TARGET_NAME)";
			};
			name = Release;
		};
		7FFA6D8B19CE2E22006030EB /* Debug */ = {
			isa = XCBuildConfiguration;
			buildSettings = {
				BUNDLE_LOADER = "$(TEST_HOST)";
				FRAMEWORK_SEARCH_PATHS = (
					"$(SDKROOT)/Developer/Library/Frameworks",
					"$(inherited)",
				);
				GCC_PREPROCESSOR_DEFINITIONS = (
					"DEBUG=1",
					"$(inherited)",
				);
				INFOPLIST_FILE = "Party HuntTests/Info.plist";
				LD_RUNPATH_SEARCH_PATHS = "$(inherited) @executable_path/Frameworks @loader_path/Frameworks";
				PRODUCT_NAME = "$(TARGET_NAME)";
				TEST_HOST = "$(BUILT_PRODUCTS_DIR)/Party Hunt.app/Party Hunt";
			};
			name = Debug;
		};
		7FFA6D8C19CE2E22006030EB /* Release */ = {
			isa = XCBuildConfiguration;
			buildSettings = {
				BUNDLE_LOADER = "$(TEST_HOST)";
				FRAMEWORK_SEARCH_PATHS = (
					"$(SDKROOT)/Developer/Library/Frameworks",
					"$(inherited)",
				);
				INFOPLIST_FILE = "Party HuntTests/Info.plist";
				LD_RUNPATH_SEARCH_PATHS = "$(inherited) @executable_path/Frameworks @loader_path/Frameworks";
				PRODUCT_NAME = "$(TARGET_NAME)";
				TEST_HOST = "$(BUILT_PRODUCTS_DIR)/Party Hunt.app/Party Hunt";
			};
			name = Release;
		};
/* End XCBuildConfiguration section */

/* Begin XCConfigurationList section */
		7FFA6D5F19CE2E21006030EB /* Build configuration list for PBXProject "Party Hunt" */ = {
			isa = XCConfigurationList;
			buildConfigurations = (
				7FFA6D8519CE2E22006030EB /* Debug */,
				7FFA6D8619CE2E22006030EB /* Release */,
			);
			defaultConfigurationIsVisible = 0;
			defaultConfigurationName = Release;
		};
		7FFA6D8719CE2E22006030EB /* Build configuration list for PBXNativeTarget "Party Hunt" */ = {
			isa = XCConfigurationList;
			buildConfigurations = (
				7FFA6D8819CE2E22006030EB /* Debug */,
				7FFA6D8919CE2E22006030EB /* Release */,
			);
			defaultConfigurationIsVisible = 0;
			defaultConfigurationName = Release;
		};
		7FFA6D8A19CE2E22006030EB /* Build configuration list for PBXNativeTarget "Party HuntTests" */ = {
			isa = XCConfigurationList;
			buildConfigurations = (
				7FFA6D8B19CE2E22006030EB /* Debug */,
				7FFA6D8C19CE2E22006030EB /* Release */,
			);
			defaultConfigurationIsVisible = 0;
			defaultConfigurationName = Release;
		};
/* End XCConfigurationList section */
	};
	rootObject = 7FFA6D5C19CE2E21006030EB /* Project object */;
}
