// !$*UTF8*$!
{
	archiveVersion = 1;
	classes = {
	};
	objectVersion = 46;
	objects = {

/* Begin PBXBuildFile section */
		399FD1CADA97417A8C1F9A92 /* libPods.a in Frameworks */ = {isa = PBXBuildFile; fileRef = 67A80E1A5F63479BA777AAAF /* libPods.a */; };
		7F7F9F6619DC5CEC0041C03F /* PTHTopPartiesTableViewController.m in Sources */ = {isa = PBXBuildFile; fileRef = 7F7F9F6519DC5CEC0041C03F /* PTHTopPartiesTableViewController.m */; };
		7F7F9F6819DC737C0041C03F /* CoreLocation.framework in Frameworks */ = {isa = PBXBuildFile; fileRef = 7F7F9F6719DC737C0041C03F /* CoreLocation.framework */; };
		7F7F9F6B19DC8A5C0041C03F /* PTHNearestPartiesTableViewController.m in Sources */ = {isa = PBXBuildFile; fileRef = 7F7F9F6A19DC8A5C0041C03F /* PTHNearestPartiesTableViewController.m */; };
		7F7F9F6E19DCA8BF0041C03F /* PTHNewestPartiesViewController.m in Sources */ = {isa = PBXBuildFile; fileRef = 7F7F9F6D19DCA8BF0041C03F /* PTHNewestPartiesViewController.m */; };
		7F7F9F7119DCE4FA0041C03F /* PTHTabBarController.m in Sources */ = {isa = PBXBuildFile; fileRef = 7F7F9F7019DCE4FA0041C03F /* PTHTabBarController.m */; };
		7F82693B19D246490078B005 /* PTHAddParyTableViewCell.m in Sources */ = {isa = PBXBuildFile; fileRef = 7F82693A19D246490078B005 /* PTHAddParyTableViewCell.m */; };
		7F82693E19D2490A0078B005 /* PTHAddPartyTableViewController.m in Sources */ = {isa = PBXBuildFile; fileRef = 7F82693D19D2490A0078B005 /* PTHAddPartyTableViewController.m */; };
		7F82694119D4CF1D0078B005 /* PTHConstants.m in Sources */ = {isa = PBXBuildFile; fileRef = 7F82694019D4CF1D0078B005 /* PTHConstants.m */; };
		7F82694519D4EB6C0078B005 /* PTHCache.m in Sources */ = {isa = PBXBuildFile; fileRef = 7F82694419D4EB6C0078B005 /* PTHCache.m */; };
		7F88CCF419EB0BA300B88757 /* PTHPartyDetailTableViewCell.m in Sources */ = {isa = PBXBuildFile; fileRef = 7F88CCF319EB0BA300B88757 /* PTHPartyDetailTableViewCell.m */; };
		7F88CCF719EB0C9200B88757 /* PTHPartyDetailTableViewController.m in Sources */ = {isa = PBXBuildFile; fileRef = 7F88CCF619EB0C9200B88757 /* PTHPartyDetailTableViewController.m */; };
		7FCA3C6C19D0EE7100DB8386 /* PTHUtility.m in Sources */ = {isa = PBXBuildFile; fileRef = 7FCA3C6B19D0EE7100DB8386 /* PTHUtility.m */; };
		7FE9254119CF488500A40405 /* PTHTableViewController.m in Sources */ = {isa = PBXBuildFile; fileRef = 7FE9254019CF488500A40405 /* PTHTableViewController.m */; };
		7FE9254C19CF6FED00A40405 /* PTHPartyTableViewCell.m in Sources */ = {isa = PBXBuildFile; fileRef = 7FE9254B19CF6FED00A40405 /* PTHPartyTableViewCell.m */; };
		7FFA6D6A19CE2E21006030EB /* main.m in Sources */ = {isa = PBXBuildFile; fileRef = 7FFA6D6919CE2E21006030EB /* main.m */; };
		7FFA6D6D19CE2E21006030EB /* AppDelegate.m in Sources */ = {isa = PBXBuildFile; fileRef = 7FFA6D6C19CE2E21006030EB /* AppDelegate.m */; };
		7FFA6D7319CE2E22006030EB /* Main.storyboard in Resources */ = {isa = PBXBuildFile; fileRef = 7FFA6D7119CE2E22006030EB /* Main.storyboard */; };
		7FFA6D7519CE2E22006030EB /* Images.xcassets in Resources */ = {isa = PBXBuildFile; fileRef = 7FFA6D7419CE2E22006030EB /* Images.xcassets */; };
		7FFA6D7819CE2E22006030EB /* LaunchScreen.xib in Resources */ = {isa = PBXBuildFile; fileRef = 7FFA6D7619CE2E22006030EB /* LaunchScreen.xib */; };
		7FFA6D8419CE2E22006030EB /* Party_HuntTests.m in Sources */ = {isa = PBXBuildFile; fileRef = 7FFA6D8319CE2E22006030EB /* Party_HuntTests.m */; };
/* End PBXBuildFile section */

/* Begin PBXContainerItemProxy section */
		7FFA6D7E19CE2E22006030EB /* PBXContainerItemProxy */ = {
			isa = PBXContainerItemProxy;
			containerPortal = 7FFA6D5C19CE2E21006030EB /* Project object */;
			proxyType = 1;
			remoteGlobalIDString = 7FFA6D6319CE2E21006030EB;
			remoteInfo = "Party Hunt";
		};
/* End PBXContainerItemProxy section */

/* Begin PBXFileReference section */
		67A80E1A5F63479BA777AAAF /* libPods.a */ = {isa = PBXFileReference; explicitFileType = archive.ar; includeInIndex = 0; path = libPods.a; sourceTree = BUILT_PRODUCTS_DIR; };
		77764BCC5974966B2A842FE3 /* Pods.debug.xcconfig */ = {isa = PBXFileReference; includeInIndex = 1; lastKnownFileType = text.xcconfig; name = Pods.debug.xcconfig; path = "Pods/Target Support Files/Pods/Pods.debug.xcconfig"; sourceTree = "<group>"; };
		7F7F9F6419DC5CEC0041C03F /* PTHTopPartiesTableViewController.h */ = {isa = PBXFileReference; fileEncoding = 4; lastKnownFileType = sourcecode.c.h; name = PTHTopPartiesTableViewController.h; path = Controllers/PTHTopPartiesTableViewController.h; sourceTree = "<group>"; };
		7F7F9F6519DC5CEC0041C03F /* PTHTopPartiesTableViewController.m */ = {isa = PBXFileReference; fileEncoding = 4; lastKnownFileType = sourcecode.c.objc; name = PTHTopPartiesTableViewController.m; path = Controllers/PTHTopPartiesTableViewController.m; sourceTree = "<group>"; };
		7F7F9F6719DC737C0041C03F /* CoreLocation.framework */ = {isa = PBXFileReference; lastKnownFileType = wrapper.framework; name = CoreLocation.framework; path = System/Library/Frameworks/CoreLocation.framework; sourceTree = SDKROOT; };
		7F7F9F6919DC8A5C0041C03F /* PTHNearestPartiesTableViewController.h */ = {isa = PBXFileReference; fileEncoding = 4; lastKnownFileType = sourcecode.c.h; name = PTHNearestPartiesTableViewController.h; path = Controllers/PTHNearestPartiesTableViewController.h; sourceTree = "<group>"; };
		7F7F9F6A19DC8A5C0041C03F /* PTHNearestPartiesTableViewController.m */ = {isa = PBXFileReference; fileEncoding = 4; lastKnownFileType = sourcecode.c.objc; name = PTHNearestPartiesTableViewController.m; path = Controllers/PTHNearestPartiesTableViewController.m; sourceTree = "<group>"; };
		7F7F9F6C19DCA8BF0041C03F /* PTHNewestPartiesViewController.h */ = {isa = PBXFileReference; fileEncoding = 4; lastKnownFileType = sourcecode.c.h; name = PTHNewestPartiesViewController.h; path = Controllers/PTHNewestPartiesViewController.h; sourceTree = "<group>"; };
		7F7F9F6D19DCA8BF0041C03F /* PTHNewestPartiesViewController.m */ = {isa = PBXFileReference; fileEncoding = 4; lastKnownFileType = sourcecode.c.objc; name = PTHNewestPartiesViewController.m; path = Controllers/PTHNewestPartiesViewController.m; sourceTree = "<group>"; };
		7F7F9F6F19DCE4FA0041C03F /* PTHTabBarController.h */ = {isa = PBXFileReference; fileEncoding = 4; lastKnownFileType = sourcecode.c.h; name = PTHTabBarController.h; path = Controllers/PTHTabBarController.h; sourceTree = "<group>"; };
		7F7F9F7019DCE4FA0041C03F /* PTHTabBarController.m */ = {isa = PBXFileReference; fileEncoding = 4; lastKnownFileType = sourcecode.c.objc; name = PTHTabBarController.m; path = Controllers/PTHTabBarController.m; sourceTree = "<group>"; };
		7F82693919D246490078B005 /* PTHAddParyTableViewCell.h */ = {isa = PBXFileReference; fileEncoding = 4; lastKnownFileType = sourcecode.c.h; name = PTHAddParyTableViewCell.h; path = Views/PTHAddParyTableViewCell.h; sourceTree = "<group>"; };
		7F82693A19D246490078B005 /* PTHAddParyTableViewCell.m */ = {isa = PBXFileReference; fileEncoding = 4; lastKnownFileType = sourcecode.c.objc; name = PTHAddParyTableViewCell.m; path = Views/PTHAddParyTableViewCell.m; sourceTree = "<group>"; };
		7F82693C19D2490A0078B005 /* PTHAddPartyTableViewController.h */ = {isa = PBXFileReference; fileEncoding = 4; lastKnownFileType = sourcecode.c.h; name = PTHAddPartyTableViewController.h; path = Controllers/PTHAddPartyTableViewController.h; sourceTree = "<group>"; };
		7F82693D19D2490A0078B005 /* PTHAddPartyTableViewController.m */ = {isa = PBXFileReference; fileEncoding = 4; lastKnownFileType = sourcecode.c.objc; name = PTHAddPartyTableViewController.m; path = Controllers/PTHAddPartyTableViewController.m; sourceTree = "<group>"; };
		7F82693F19D4CF1D0078B005 /* PTHConstants.h */ = {isa = PBXFileReference; fileEncoding = 4; lastKnownFileType = sourcecode.c.h; path = PTHConstants.h; sourceTree = "<group>"; };
		7F82694019D4CF1D0078B005 /* PTHConstants.m */ = {isa = PBXFileReference; fileEncoding = 4; lastKnownFileType = sourcecode.c.objc; path = PTHConstants.m; sourceTree = "<group>"; };
		7F82694319D4EB6C0078B005 /* PTHCache.h */ = {isa = PBXFileReference; fileEncoding = 4; lastKnownFileType = sourcecode.c.h; path = PTHCache.h; sourceTree = "<group>"; };
		7F82694419D4EB6C0078B005 /* PTHCache.m */ = {isa = PBXFileReference; fileEncoding = 4; lastKnownFileType = sourcecode.c.objc; path = PTHCache.m; sourceTree = "<group>"; };
		7F88CCF219EB0BA300B88757 /* PTHPartyDetailTableViewCell.h */ = {isa = PBXFileReference; fileEncoding = 4; lastKnownFileType = sourcecode.c.h; name = PTHPartyDetailTableViewCell.h; path = Views/PTHPartyDetailTableViewCell.h; sourceTree = "<group>"; };
		7F88CCF319EB0BA300B88757 /* PTHPartyDetailTableViewCell.m */ = {isa = PBXFileReference; fileEncoding = 4; lastKnownFileType = sourcecode.c.objc; name = PTHPartyDetailTableViewCell.m; path = Views/PTHPartyDetailTableViewCell.m; sourceTree = "<group>"; };
		7F88CCF519EB0C9200B88757 /* PTHPartyDetailTableViewController.h */ = {isa = PBXFileReference; fileEncoding = 4; lastKnownFileType = sourcecode.c.h; name = PTHPartyDetailTableViewController.h; path = Controllers/PTHPartyDetailTableViewController.h; sourceTree = "<group>"; };
		7F88CCF619EB0C9200B88757 /* PTHPartyDetailTableViewController.m */ = {isa = PBXFileReference; fileEncoding = 4; lastKnownFileType = sourcecode.c.objc; name = PTHPartyDetailTableViewController.m; path = Controllers/PTHPartyDetailTableViewController.m; sourceTree = "<group>"; };
		7F8AA8E419D8DDED007E1BA9 /* main.js */ = {isa = PBXFileReference; fileEncoding = 4; lastKnownFileType = sourcecode.javascript; path = main.js; sourceTree = "<group>"; };
		7F8AA8E619D8DDED007E1BA9 /* global.json */ = {isa = PBXFileReference; fileEncoding = 4; lastKnownFileType = text.json; path = global.json; sourceTree = "<group>"; };
		7F8AA8E819D8DDED007E1BA9 /* index.html */ = {isa = PBXFileReference; fileEncoding = 4; lastKnownFileType = text.html; path = index.html; sourceTree = "<group>"; };
		7FCA3C6A19D0EE7100DB8386 /* PTHUtility.h */ = {isa = PBXFileReference; fileEncoding = 4; lastKnownFileType = sourcecode.c.h; path = PTHUtility.h; sourceTree = "<group>"; };
		7FCA3C6B19D0EE7100DB8386 /* PTHUtility.m */ = {isa = PBXFileReference; fileEncoding = 4; lastKnownFileType = sourcecode.c.objc; path = PTHUtility.m; sourceTree = "<group>"; };
		7FE9253F19CF488500A40405 /* PTHTableViewController.h */ = {isa = PBXFileReference; fileEncoding = 4; lastKnownFileType = sourcecode.c.h; name = PTHTableViewController.h; path = Controllers/PTHTableViewController.h; sourceTree = "<group>"; };
		7FE9254019CF488500A40405 /* PTHTableViewController.m */ = {isa = PBXFileReference; fileEncoding = 4; lastKnownFileType = sourcecode.c.objc; name = PTHTableViewController.m; path = Controllers/PTHTableViewController.m; sourceTree = "<group>"; };
		7FE9254A19CF6FED00A40405 /* PTHPartyTableViewCell.h */ = {isa = PBXFileReference; fileEncoding = 4; lastKnownFileType = sourcecode.c.h; name = PTHPartyTableViewCell.h; path = Views/PTHPartyTableViewCell.h; sourceTree = "<group>"; };
		7FE9254B19CF6FED00A40405 /* PTHPartyTableViewCell.m */ = {isa = PBXFileReference; fileEncoding = 4; lastKnownFileType = sourcecode.c.objc; name = PTHPartyTableViewCell.m; path = Views/PTHPartyTableViewCell.m; sourceTree = "<group>"; };
		7FFA6D6419CE2E21006030EB /* Party Hunt.app */ = {isa = PBXFileReference; explicitFileType = wrapper.application; includeInIndex = 0; path = "Party Hunt.app"; sourceTree = BUILT_PRODUCTS_DIR; };
		7FFA6D6819CE2E21006030EB /* Info.plist */ = {isa = PBXFileReference; lastKnownFileType = text.plist.xml; path = Info.plist; sourceTree = "<group>"; };
		7FFA6D6919CE2E21006030EB /* main.m */ = {isa = PBXFileReference; lastKnownFileType = sourcecode.c.objc; path = main.m; sourceTree = "<group>"; };
		7FFA6D6B19CE2E21006030EB /* AppDelegate.h */ = {isa = PBXFileReference; lastKnownFileType = sourcecode.c.h; path = AppDelegate.h; sourceTree = "<group>"; };
		7FFA6D6C19CE2E21006030EB /* AppDelegate.m */ = {isa = PBXFileReference; lastKnownFileType = sourcecode.c.objc; path = AppDelegate.m; sourceTree = "<group>"; };
		7FFA6D7219CE2E22006030EB /* Base */ = {isa = PBXFileReference; lastKnownFileType = file.storyboard; name = Base; path = Base.lproj/Main.storyboard; sourceTree = "<group>"; };
		7FFA6D7419CE2E22006030EB /* Images.xcassets */ = {isa = PBXFileReference; lastKnownFileType = folder.assetcatalog; path = Images.xcassets; sourceTree = "<group>"; };
		7FFA6D7719CE2E22006030EB /* Base */ = {isa = PBXFileReference; lastKnownFileType = file.xib; name = Base; path = Base.lproj/LaunchScreen.xib; sourceTree = "<group>"; };
		7FFA6D7D19CE2E22006030EB /* Party HuntTests.xctest */ = {isa = PBXFileReference; explicitFileType = wrapper.cfbundle; includeInIndex = 0; path = "Party HuntTests.xctest"; sourceTree = BUILT_PRODUCTS_DIR; };
		7FFA6D8219CE2E22006030EB /* Info.plist */ = {isa = PBXFileReference; lastKnownFileType = text.plist.xml; path = Info.plist; sourceTree = "<group>"; };
		7FFA6D8319CE2E22006030EB /* Party_HuntTests.m */ = {isa = PBXFileReference; lastKnownFileType = sourcecode.c.objc; path = Party_HuntTests.m; sourceTree = "<group>"; };
		BA129E25AF26F4B19BA98476 /* Pods.release.xcconfig */ = {isa = PBXFileReference; includeInIndex = 1; lastKnownFileType = text.xcconfig; name = Pods.release.xcconfig; path = "Pods/Target Support Files/Pods/Pods.release.xcconfig"; sourceTree = "<group>"; };
/* End PBXFileReference section */

/* Begin PBXFrameworksBuildPhase section */
		7FFA6D6119CE2E21006030EB /* Frameworks */ = {
			isa = PBXFrameworksBuildPhase;
			buildActionMask = 2147483647;
			files = (
				7F7F9F6819DC737C0041C03F /* CoreLocation.framework in Frameworks */,
				399FD1CADA97417A8C1F9A92 /* libPods.a in Frameworks */,
			);
			runOnlyForDeploymentPostprocessing = 0;
		};
		7FFA6D7A19CE2E22006030EB /* Frameworks */ = {
			isa = PBXFrameworksBuildPhase;
			buildActionMask = 2147483647;
			files = (
			);
			runOnlyForDeploymentPostprocessing = 0;
		};
/* End PBXFrameworksBuildPhase section */

/* Begin PBXGroup section */
		1B53BB2F0851C9771AC94524 /* Pods */ = {
			isa = PBXGroup;
			children = (
				77764BCC5974966B2A842FE3 /* Pods.debug.xcconfig */,
				BA129E25AF26F4B19BA98476 /* Pods.release.xcconfig */,
			);
			name = Pods;
			sourceTree = "<group>";
		};
		7F8AA8E119D8DDED007E1BA9 /* CloudCode */ = {
			isa = PBXGroup;
			children = (
				7F8AA8E219D8DDED007E1BA9 /* UpdateScore */,
			);
			path = CloudCode;
			sourceTree = "<group>";
		};
		7F8AA8E219D8DDED007E1BA9 /* UpdateScore */ = {
			isa = PBXGroup;
			children = (
				7F8AA8E319D8DDED007E1BA9 /* cloud */,
				7F8AA8E519D8DDED007E1BA9 /* config */,
				7F8AA8E719D8DDED007E1BA9 /* public */,
			);
			path = UpdateScore;
			sourceTree = "<group>";
		};
		7F8AA8E319D8DDED007E1BA9 /* cloud */ = {
			isa = PBXGroup;
			children = (
				7F8AA8E419D8DDED007E1BA9 /* main.js */,
			);
			path = cloud;
			sourceTree = "<group>";
		};
		7F8AA8E519D8DDED007E1BA9 /* config */ = {
			isa = PBXGroup;
			children = (
				7F8AA8E619D8DDED007E1BA9 /* global.json */,
			);
			path = config;
			sourceTree = "<group>";
		};
		7F8AA8E719D8DDED007E1BA9 /* public */ = {
			isa = PBXGroup;
			children = (
				7F8AA8E819D8DDED007E1BA9 /* index.html */,
			);
			path = public;
			sourceTree = "<group>";
		};
		7FE9253E19CF47DD00A40405 /* Controllers */ = {
			isa = PBXGroup;
			children = (
				7F7F9F6F19DCE4FA0041C03F /* PTHTabBarController.h */,
				7F7F9F7019DCE4FA0041C03F /* PTHTabBarController.m */,
				7FE9253F19CF488500A40405 /* PTHTableViewController.h */,
				7FE9254019CF488500A40405 /* PTHTableViewController.m */,
				7F7F9F6419DC5CEC0041C03F /* PTHTopPartiesTableViewController.h */,
				7F7F9F6519DC5CEC0041C03F /* PTHTopPartiesTableViewController.m */,
				7F7F9F6919DC8A5C0041C03F /* PTHNearestPartiesTableViewController.h */,
				7F7F9F6A19DC8A5C0041C03F /* PTHNearestPartiesTableViewController.m */,
				7F7F9F6C19DCA8BF0041C03F /* PTHNewestPartiesViewController.h */,
				7F7F9F6D19DCA8BF0041C03F /* PTHNewestPartiesViewController.m */,
				7F82693C19D2490A0078B005 /* PTHAddPartyTableViewController.h */,
				7F82693D19D2490A0078B005 /* PTHAddPartyTableViewController.m */,
				7F88CCF519EB0C9200B88757 /* PTHPartyDetailTableViewController.h */,
				7F88CCF619EB0C9200B88757 /* PTHPartyDetailTableViewController.m */,
			);
			name = Controllers;
			sourceTree = "<group>";
		};
		7FE9254319CF56CF00A40405 /* Views */ = {
			isa = PBXGroup;
			children = (
				7FFA6D7619CE2E22006030EB /* LaunchScreen.xib */,
				7FFA6D7119CE2E22006030EB /* Main.storyboard */,
				7FE9254A19CF6FED00A40405 /* PTHPartyTableViewCell.h */,
				7FE9254B19CF6FED00A40405 /* PTHPartyTableViewCell.m */,
				7F82693919D246490078B005 /* PTHAddParyTableViewCell.h */,
				7F82693A19D246490078B005 /* PTHAddParyTableViewCell.m */,
				7F88CCF219EB0BA300B88757 /* PTHPartyDetailTableViewCell.h */,
				7F88CCF319EB0BA300B88757 /* PTHPartyDetailTableViewCell.m */,
			);
			name = Views;
			sourceTree = "<group>";
		};
		7FFA6D5B19CE2E21006030EB = {
			isa = PBXGroup;
			children = (
				7F8AA8E119D8DDED007E1BA9 /* CloudCode */,
				7FFA6D6619CE2E21006030EB /* Party Hunt */,
				7FFA6D8019CE2E22006030EB /* Party HuntTests */,
				7FFA6D6519CE2E21006030EB /* Products */,
				AA3262C1AB2B47B4954DF4A8 /* Frameworks */,
				1B53BB2F0851C9771AC94524 /* Pods */,
			);
			sourceTree = "<group>";
		};
		7FFA6D6519CE2E21006030EB /* Products */ = {
			isa = PBXGroup;
			children = (
				7FFA6D6419CE2E21006030EB /* Party Hunt.app */,
				7FFA6D7D19CE2E22006030EB /* Party HuntTests.xctest */,
			);
			name = Products;
			sourceTree = "<group>";
		};
		7FFA6D6619CE2E21006030EB /* Party Hunt */ = {
			isa = PBXGroup;
			children = (
				7FFA6D6B19CE2E21006030EB /* AppDelegate.h */,
				7FFA6D6C19CE2E21006030EB /* AppDelegate.m */,
				7FE9254319CF56CF00A40405 /* Views */,
				7FE9253E19CF47DD00A40405 /* Controllers */,
				7FFA6D7419CE2E22006030EB /* Images.xcassets */,
				7FFA6D6719CE2E21006030EB /* Supporting Files */,
				7FCA3C6A19D0EE7100DB8386 /* PTHUtility.h */,
				7FCA3C6B19D0EE7100DB8386 /* PTHUtility.m */,
				7F82693F19D4CF1D0078B005 /* PTHConstants.h */,
				7F82694019D4CF1D0078B005 /* PTHConstants.m */,
				7F82694319D4EB6C0078B005 /* PTHCache.h */,
				7F82694419D4EB6C0078B005 /* PTHCache.m */,
			);
			path = "Party Hunt";
			sourceTree = "<group>";
		};
		7FFA6D6719CE2E21006030EB /* Supporting Files */ = {
			isa = PBXGroup;
			children = (
				7FFA6D6819CE2E21006030EB /* Info.plist */,
				7FFA6D6919CE2E21006030EB /* main.m */,
			);
			name = "Supporting Files";
			sourceTree = "<group>";
		};
		7FFA6D8019CE2E22006030EB /* Party HuntTests */ = {
			isa = PBXGroup;
			children = (
				7FFA6D8319CE2E22006030EB /* Party_HuntTests.m */,
				7FFA6D8119CE2E22006030EB /* Supporting Files */,
			);
			path = "Party HuntTests";
			sourceTree = "<group>";
		};
		7FFA6D8119CE2E22006030EB /* Supporting Files */ = {
			isa = PBXGroup;
			children = (
				7FFA6D8219CE2E22006030EB /* Info.plist */,
			);
			name = "Supporting Files";
			sourceTree = "<group>";
		};
		AA3262C1AB2B47B4954DF4A8 /* Frameworks */ = {
			isa = PBXGroup;
			children = (
				7F7F9F6719DC737C0041C03F /* CoreLocation.framework */,
				67A80E1A5F63479BA777AAAF /* libPods.a */,
			);
			name = Frameworks;
			sourceTree = "<group>";
		};
/* End PBXGroup section */

/* Begin PBXNativeTarget section */
		7FFA6D6319CE2E21006030EB /* Party Hunt */ = {
			isa = PBXNativeTarget;
			buildConfigurationList = 7FFA6D8719CE2E22006030EB /* Build configuration list for PBXNativeTarget "Party Hunt" */;
			buildPhases = (
				5E7285EB8A3F476D9041733A /* Check Pods Manifest.lock */,
				7FFA6D6019CE2E21006030EB /* Sources */,
				7FFA6D6119CE2E21006030EB /* Frameworks */,
				7FFA6D6219CE2E21006030EB /* Resources */,
				62400B4F27E24F8897C9908E /* Copy Pods Resources */,
			);
			buildRules = (
			);
			dependencies = (
			);
			name = "Party Hunt";
			productName = "Party Hunt";
			productReference = 7FFA6D6419CE2E21006030EB /* Party Hunt.app */;
			productType = "com.apple.product-type.application";
		};
		7FFA6D7C19CE2E22006030EB /* Party HuntTests */ = {
			isa = PBXNativeTarget;
			buildConfigurationList = 7FFA6D8A19CE2E22006030EB /* Build configuration list for PBXNativeTarget "Party HuntTests" */;
			buildPhases = (
				7FFA6D7919CE2E22006030EB /* Sources */,
				7FFA6D7A19CE2E22006030EB /* Frameworks */,
				7FFA6D7B19CE2E22006030EB /* Resources */,
			);
			buildRules = (
			);
			dependencies = (
				7FFA6D7F19CE2E22006030EB /* PBXTargetDependency */,
			);
			name = "Party HuntTests";
			productName = "Party HuntTests";
			productReference = 7FFA6D7D19CE2E22006030EB /* Party HuntTests.xctest */;
			productType = "com.apple.product-type.bundle.unit-test";
		};
/* End PBXNativeTarget section */

/* Begin PBXProject section */
		7FFA6D5C19CE2E21006030EB /* Project object */ = {
			isa = PBXProject;
			attributes = {
				LastUpgradeCheck = 0600;
				ORGANIZATIONNAME = "Jared Colin McFarland";
				TargetAttributes = {
					7FFA6D6319CE2E21006030EB = {
						CreatedOnToolsVersion = 6.0.1;
					};
					7FFA6D7C19CE2E22006030EB = {
						CreatedOnToolsVersion = 6.0.1;
						TestTargetID = 7FFA6D6319CE2E21006030EB;
					};
				};
			};
			buildConfigurationList = 7FFA6D5F19CE2E21006030EB /* Build configuration list for PBXProject "Party Hunt" */;
			compatibilityVersion = "Xcode 3.2";
			developmentRegion = English;
			hasScannedForEncodings = 0;
			knownRegions = (
				en,
				Base,
			);
			mainGroup = 7FFA6D5B19CE2E21006030EB;
			productRefGroup = 7FFA6D6519CE2E21006030EB /* Products */;
			projectDirPath = "";
			projectRoot = "";
			targets = (
				7FFA6D6319CE2E21006030EB /* Party Hunt */,
				7FFA6D7C19CE2E22006030EB /* Party HuntTests */,
			);
		};
/* End PBXProject section */

/* Begin PBXResourcesBuildPhase section */
		7FFA6D6219CE2E21006030EB /* Resources */ = {
			isa = PBXResourcesBuildPhase;
			buildActionMask = 2147483647;
			files = (
				7FFA6D7319CE2E22006030EB /* Main.storyboard in Resources */,
				7FFA6D7819CE2E22006030EB /* LaunchScreen.xib in Resources */,
				7FFA6D7519CE2E22006030EB /* Images.xcassets in Resources */,
			);
			runOnlyForDeploymentPostprocessing = 0;
		};
		7FFA6D7B19CE2E22006030EB /* Resources */ = {
			isa = PBXResourcesBuildPhase;
			buildActionMask = 2147483647;
			files = (
			);
			runOnlyForDeploymentPostprocessing = 0;
		};
/* End PBXResourcesBuildPhase section */

/* Begin PBXShellScriptBuildPhase section */
		5E7285EB8A3F476D9041733A /* Check Pods Manifest.lock */ = {
			isa = PBXShellScriptBuildPhase;
			buildActionMask = 2147483647;
			files = (
			);
			inputPaths = (
			);
			name = "Check Pods Manifest.lock";
			outputPaths = (
			);
			runOnlyForDeploymentPostprocessing = 0;
			shellPath = /bin/sh;
			shellScript = "diff \"${PODS_ROOT}/../Podfile.lock\" \"${PODS_ROOT}/Manifest.lock\" > /dev/null\nif [[ $? != 0 ]] ; then\n    cat << EOM\nerror: The sandbox is not in sync with the Podfile.lock. Run 'pod install' or update your CocoaPods installation.\nEOM\n    exit 1\nfi\n";
			showEnvVarsInLog = 0;
		};
		62400B4F27E24F8897C9908E /* Copy Pods Resources */ = {
			isa = PBXShellScriptBuildPhase;
			buildActionMask = 2147483647;
			files = (
			);
			inputPaths = (
			);
			name = "Copy Pods Resources";
			outputPaths = (
			);
			runOnlyForDeploymentPostprocessing = 0;
			shellPath = /bin/sh;
			shellScript = "\"${SRCROOT}/Pods/Target Support Files/Pods/Pods-resources.sh\"\n";
			showEnvVarsInLog = 0;
		};
/* End PBXShellScriptBuildPhase section */

/* Begin PBXSourcesBuildPhase section */
		7FFA6D6019CE2E21006030EB /* Sources */ = {
			isa = PBXSourcesBuildPhase;
			buildActionMask = 2147483647;
			files = (
				7F88CCF419EB0BA300B88757 /* PTHPartyDetailTableViewCell.m in Sources */,
				7FE9254119CF488500A40405 /* PTHTableViewController.m in Sources */,
				7F82693B19D246490078B005 /* PTHAddParyTableViewCell.m in Sources */,
				7F82694119D4CF1D0078B005 /* PTHConstants.m in Sources */,
				7FE9254C19CF6FED00A40405 /* PTHPartyTableViewCell.m in Sources */,
				7F82693E19D2490A0078B005 /* PTHAddPartyTableViewController.m in Sources */,
				7FCA3C6C19D0EE7100DB8386 /* PTHUtility.m in Sources */,
				7F7F9F6B19DC8A5C0041C03F /* PTHNearestPartiesTableViewController.m in Sources */,
				7FFA6D6D19CE2E21006030EB /* AppDelegate.m in Sources */,
				7F7F9F7119DCE4FA0041C03F /* PTHTabBarController.m in Sources */,
				7F7F9F6E19DCA8BF0041C03F /* PTHNewestPartiesViewController.m in Sources */,
				7F7F9F6619DC5CEC0041C03F /* PTHTopPartiesTableViewController.m in Sources */,
				7F88CCF719EB0C9200B88757 /* PTHPartyDetailTableViewController.m in Sources */,
				7FFA6D6A19CE2E21006030EB /* main.m in Sources */,
				7F82694519D4EB6C0078B005 /* PTHCache.m in Sources */,
			);
			runOnlyForDeploymentPostprocessing = 0;
		};
		7FFA6D7919CE2E22006030EB /* Sources */ = {
			isa = PBXSourcesBuildPhase;
			buildActionMask = 2147483647;
			files = (
				7FFA6D8419CE2E22006030EB /* Party_HuntTests.m in Sources */,
			);
			runOnlyForDeploymentPostprocessing = 0;
		};
/* End PBXSourcesBuildPhase section */

/* Begin PBXTargetDependency section */
		7FFA6D7F19CE2E22006030EB /* PBXTargetDependency */ = {
			isa = PBXTargetDependency;
			target = 7FFA6D6319CE2E21006030EB /* Party Hunt */;
			targetProxy = 7FFA6D7E19CE2E22006030EB /* PBXContainerItemProxy */;
		};
/* End PBXTargetDependency section */

/* Begin PBXVariantGroup section */
		7FFA6D7119CE2E22006030EB /* Main.storyboard */ = {
			isa = PBXVariantGroup;
			children = (
				7FFA6D7219CE2E22006030EB /* Base */,
			);
			name = Main.storyboard;
			sourceTree = "<group>";
		};
		7FFA6D7619CE2E22006030EB /* LaunchScreen.xib */ = {
			isa = PBXVariantGroup;
			children = (
				7FFA6D7719CE2E22006030EB /* Base */,
			);
			name = LaunchScreen.xib;
			sourceTree = "<group>";
		};
/* End PBXVariantGroup section */

/* Begin XCBuildConfiguration section */
		7FFA6D8519CE2E22006030EB /* Debug */ = {
			isa = XCBuildConfiguration;
			buildSettings = {
				ALWAYS_SEARCH_USER_PATHS = NO;
				CLANG_CXX_LANGUAGE_STANDARD = "gnu++0x";
				CLANG_CXX_LIBRARY = "libc++";
				CLANG_ENABLE_MODULES = YES;
				CLANG_ENABLE_OBJC_ARC = YES;
				CLANG_WARN_BOOL_CONVERSION = YES;
				CLANG_WARN_CONSTANT_CONVERSION = YES;
				CLANG_WARN_DIRECT_OBJC_ISA_USAGE = YES_ERROR;
				CLANG_WARN_EMPTY_BODY = YES;
				CLANG_WARN_ENUM_CONVERSION = YES;
				CLANG_WARN_INT_CONVERSION = YES;
				CLANG_WARN_OBJC_ROOT_CLASS = YES_ERROR;
				CLANG_WARN_UNREACHABLE_CODE = YES;
				CLANG_WARN__DUPLICATE_METHOD_MATCH = YES;
				"CODE_SIGN_IDENTITY[sdk=iphoneos*]" = "iPhone Developer";
				COPY_PHASE_STRIP = NO;
				ENABLE_STRICT_OBJC_MSGSEND = YES;
				GCC_C_LANGUAGE_STANDARD = gnu99;
				GCC_DYNAMIC_NO_PIC = NO;
				GCC_OPTIMIZATION_LEVEL = 0;
				GCC_PREPROCESSOR_DEFINITIONS = (
					"DEBUG=1",
					"$(inherited)",
				);
				GCC_SYMBOLS_PRIVATE_EXTERN = NO;
				GCC_WARN_64_TO_32_BIT_CONVERSION = YES;
				GCC_WARN_ABOUT_RETURN_TYPE = YES_ERROR;
				GCC_WARN_UNDECLARED_SELECTOR = YES;
				GCC_WARN_UNINITIALIZED_AUTOS = YES_AGGRESSIVE;
				GCC_WARN_UNUSED_FUNCTION = YES;
				GCC_WARN_UNUSED_VARIABLE = YES;
				IPHONEOS_DEPLOYMENT_TARGET = 8.0;
				MTL_ENABLE_DEBUG_INFO = YES;
				ONLY_ACTIVE_ARCH = YES;
				SDKROOT = iphoneos;
			};
			name = Debug;
		};
		7FFA6D8619CE2E22006030EB /* Release */ = {
			isa = XCBuildConfiguration;
			buildSettings = {
				ALWAYS_SEARCH_USER_PATHS = NO;
				CLANG_CXX_LANGUAGE_STANDARD = "gnu++0x";
				CLANG_CXX_LIBRARY = "libc++";
				CLANG_ENABLE_MODULES = YES;
				CLANG_ENABLE_OBJC_ARC = YES;
				CLANG_WARN_BOOL_CONVERSION = YES;
				CLANG_WARN_CONSTANT_CONVERSION = YES;
				CLANG_WARN_DIRECT_OBJC_ISA_USAGE = YES_ERROR;
				CLANG_WARN_EMPTY_BODY = YES;
				CLANG_WARN_ENUM_CONVERSION = YES;
				CLANG_WARN_INT_CONVERSION = YES;
				CLANG_WARN_OBJC_ROOT_CLASS = YES_ERROR;
				CLANG_WARN_UNREACHABLE_CODE = YES;
				CLANG_WARN__DUPLICATE_METHOD_MATCH = YES;
				"CODE_SIGN_IDENTITY[sdk=iphoneos*]" = "iPhone Developer";
				COPY_PHASE_STRIP = YES;
				ENABLE_NS_ASSERTIONS = NO;
				ENABLE_STRICT_OBJC_MSGSEND = YES;
				GCC_C_LANGUAGE_STANDARD = gnu99;
				GCC_WARN_64_TO_32_BIT_CONVERSION = YES;
				GCC_WARN_ABOUT_RETURN_TYPE = YES_ERROR;
				GCC_WARN_UNDECLARED_SELECTOR = YES;
				GCC_WARN_UNINITIALIZED_AUTOS = YES_AGGRESSIVE;
				GCC_WARN_UNUSED_FUNCTION = YES;
				GCC_WARN_UNUSED_VARIABLE = YES;
				IPHONEOS_DEPLOYMENT_TARGET = 8.0;
				MTL_ENABLE_DEBUG_INFO = NO;
				SDKROOT = iphoneos;
				VALIDATE_PRODUCT = YES;
			};
			name = Release;
		};
		7FFA6D8819CE2E22006030EB /* Debug */ = {
			isa = XCBuildConfiguration;
			baseConfigurationReference = 77764BCC5974966B2A842FE3 /* Pods.debug.xcconfig */;
			buildSettings = {
				ASSETCATALOG_COMPILER_APPICON_NAME = AppIcon;
				FRAMEWORK_SEARCH_PATHS = (
					"$(inherited)",
					/Users/Jared/Documents/FacebookSDK,
				);
				INFOPLIST_FILE = "Party Hunt/Info.plist";
				LD_RUNPATH_SEARCH_PATHS = "$(inherited) @executable_path/Frameworks";
				PRODUCT_NAME = "$(TARGET_NAME)";
			};
			name = Debug;
		};
		7FFA6D8919CE2E22006030EB /* Release */ = {
			isa = XCBuildConfiguration;
			baseConfigurationReference = BA129E25AF26F4B19BA98476 /* Pods.release.xcconfig */;
			buildSettings = {
				ASSETCATALOG_COMPILER_APPICON_NAME = AppIcon;
				FRAMEWORK_SEARCH_PATHS = (
					"$(inherited)",
					/Users/Jared/Documents/FacebookSDK,
				);
				INFOPLIST_FILE = "Party Hunt/Info.plist";
				LD_RUNPATH_SEARCH_PATHS = "$(inherited) @executable_path/Frameworks";
				PRODUCT_NAME = "$(TARGET_NAME)";
			};
			name = Release;
		};
		7FFA6D8B19CE2E22006030EB /* Debug */ = {
			isa = XCBuildConfiguration;
			buildSettings = {
				BUNDLE_LOADER = "$(TEST_HOST)";
				FRAMEWORK_SEARCH_PATHS = (
					"$(SDKROOT)/Developer/Library/Frameworks",
					"$(inherited)",
				);
				GCC_PREPROCESSOR_DEFINITIONS = (
					"DEBUG=1",
					"$(inherited)",
				);
				INFOPLIST_FILE = "Party HuntTests/Info.plist";
				LD_RUNPATH_SEARCH_PATHS = "$(inherited) @executable_path/Frameworks @loader_path/Frameworks";
				PRODUCT_NAME = "$(TARGET_NAME)";
				TEST_HOST = "$(BUILT_PRODUCTS_DIR)/Party Hunt.app/Party Hunt";
			};
			name = Debug;
		};
		7FFA6D8C19CE2E22006030EB /* Release */ = {
			isa = XCBuildConfiguration;
			buildSettings = {
				BUNDLE_LOADER = "$(TEST_HOST)";
				FRAMEWORK_SEARCH_PATHS = (
					"$(SDKROOT)/Developer/Library/Frameworks",
					"$(inherited)",
				);
				INFOPLIST_FILE = "Party HuntTests/Info.plist";
				LD_RUNPATH_SEARCH_PATHS = "$(inherited) @executable_path/Frameworks @loader_path/Frameworks";
				PRODUCT_NAME = "$(TARGET_NAME)";
				TEST_HOST = "$(BUILT_PRODUCTS_DIR)/Party Hunt.app/Party Hunt";
			};
			name = Release;
		};
/* End XCBuildConfiguration section */

/* Begin XCConfigurationList section */
		7FFA6D5F19CE2E21006030EB /* Build configuration list for PBXProject "Party Hunt" */ = {
			isa = XCConfigurationList;
			buildConfigurations = (
				7FFA6D8519CE2E22006030EB /* Debug */,
				7FFA6D8619CE2E22006030EB /* Release */,
			);
			defaultConfigurationIsVisible = 0;
			defaultConfigurationName = Release;
		};
		7FFA6D8719CE2E22006030EB /* Build configuration list for PBXNativeTarget "Party Hunt" */ = {
			isa = XCConfigurationList;
			buildConfigurations = (
				7FFA6D8819CE2E22006030EB /* Debug */,
				7FFA6D8919CE2E22006030EB /* Release */,
			);
			defaultConfigurationIsVisible = 0;
			defaultConfigurationName = Release;
		};
		7FFA6D8A19CE2E22006030EB /* Build configuration list for PBXNativeTarget "Party HuntTests" */ = {
			isa = XCConfigurationList;
			buildConfigurations = (
				7FFA6D8B19CE2E22006030EB /* Debug */,
				7FFA6D8C19CE2E22006030EB /* Release */,
			);
			defaultConfigurationIsVisible = 0;
			defaultConfigurationName = Release;
		};
/* End XCConfigurationList section */
	};
	rootObject = 7FFA6D5C19CE2E21006030EB /* Project object */;
}
